
Microsoft Visual Studio Solution File, Format Version 12.00
# Visual Studio Version 17
VisualStudioVersion = 17.11.35219.272
MinimumVisualStudioVersion = 10.0.40219.1
Project("{FAE04EC0-301F-11D3-BF4B-00C04F79EFBC}") = "Random Number Guesser", "Random Number Guesser.csproj", "{C9811C0F-B394-452D-84F8-12D704DDA4DD}"
EndProject
Global
	GlobalSection(SolutionConfigurationPlatforms) = preSolution
		Debug|Any CPU = Debug|Any CPU
		Release|Any CPU = Release|Any CPU
	EndGlobalSection
	GlobalSection(ProjectConfigurationPlatforms) = postSolution
		{C9811C0F-B394-452D-84F8-12D704DDA4DD}.Debug|Any CPU.ActiveCfg = Debug|Any CPU
		{C9811C0F-B394-452D-84F8-12D704DDA4DD}.Debug|Any CPU.Build.0 = Debug|Any CPU
		{C9811C0F-B394-452D-84F8-12D704DDA4DD}.Release|Any CPU.ActiveCfg = Release|Any CPU
		{C9811C0F-B394-452D-84F8-12D704DDA4DD}.Release|Any CPU.Build.0 = Release|Any CPU
	EndGlobalSection
	GlobalSection(SolutionProperties) = preSolution
		HideSolutionNode = FALSE
	EndGlobalSection
	GlobalSection(ExtensibilityGlobals) = postSolution
		SolutionGuid = {135B1160-1902-4B4F-BD08-6A084B8F7A13}
	EndGlobalSection
EndGlobal
